
Microsoft Visual Studio Solution File, Format Version 12.00
# Visual Studio Version 17
VisualStudioVersion = 17.1.32228.430
MinimumVisualStudioVersion = 10.0.40219.1
Project("{2150E333-8FDC-42A3-9474-1A3956D46DE8}") = "Solution Items", "Solution Items", "{73FAB1B8-E307-4F68-B755-C691FABD6B6E}"
	ProjectSection(SolutionItems) = preProject
		Directory.Build.props = Directory.Build.props
		Directory.Packages.props = Directory.Packages.props
	EndProjectSection
EndProject
Project("{9A19103F-16F7-4668-BE54-9A1E7A4F7556}") = "GtKram.Infrastructure", "src\GtKram.Infrastructure\GtKram.Infrastructure.csproj", "{8D45147F-E828-4574-BDDE-B68BD715CD91}"
EndProject
Project("{9A19103F-16F7-4668-BE54-9A1E7A4F7556}") = "GtKram.Application", "src\GtKram.Application\GtKram.Application.csproj", "{AB31F818-CBEF-4110-AAC4-F0D1FBC52C02}"
EndProject
Project("{9A19103F-16F7-4668-BE54-9A1E7A4F7556}") = "GtKram.Domain", "src\GtKram.Domain\GtKram.Domain.csproj", "{BC7287AB-6EA3-4560-BAFC-01F8A1180001}"
EndProject
Project("{2150E333-8FDC-42A3-9474-1A3956D46DE8}") = "app", "app", "{5B3158AE-045F-423E-905F-4EFDE289521B}"
EndProject
Project("{2150E333-8FDC-42A3-9474-1A3956D46DE8}") = "src", "src", "{48650119-004D-4DA2-88FA-E2423B36CAD7}"
EndProject
Project("{2150E333-8FDC-42A3-9474-1A3956D46DE8}") = "test", "test", "{4632C2C9-7298-47A8-A7F8-3232AB8302C0}"
EndProject
Project("{9A19103F-16F7-4668-BE54-9A1E7A4F7556}") = "GtKram.Ui", "app\GtKram.Ui\GtKram.Ui.csproj", "{472D5497-440E-40AD-AE69-9E0B44FA0F27}"
EndProject
Project("{9A19103F-16F7-4668-BE54-9A1E7A4F7556}") = "GtKram.Cli", "app\GtKram.Cli\GtKram.Cli.csproj", "{7A97B086-F9A4-4AF1-942F-05F1E24D98EF}"
EndProject
Project("{9A19103F-16F7-4668-BE54-9A1E7A4F7556}") = "GtKram.Application.Tests", "test\GtKram.Application.Tests\GtKram.Application.Tests.csproj", "{AB1B401C-CED5-41CA-ADAD-F1F862BCEBD0}"
EndProject
Global
	GlobalSection(SolutionConfigurationPlatforms) = preSolution
		Debug|Any CPU = Debug|Any CPU
		Release|Any CPU = Release|Any CPU
	EndGlobalSection
	GlobalSection(ProjectConfigurationPlatforms) = postSolution
		{8D45147F-E828-4574-BDDE-B68BD715CD91}.Debug|Any CPU.ActiveCfg = Debug|Any CPU
		{8D45147F-E828-4574-BDDE-B68BD715CD91}.Debug|Any CPU.Build.0 = Debug|Any CPU
		{8D45147F-E828-4574-BDDE-B68BD715CD91}.Release|Any CPU.ActiveCfg = Release|Any CPU
		{8D45147F-E828-4574-BDDE-B68BD715CD91}.Release|Any CPU.Build.0 = Release|Any CPU
		{AB31F818-CBEF-4110-AAC4-F0D1FBC52C02}.Debug|Any CPU.ActiveCfg = Debug|Any CPU
		{AB31F818-CBEF-4110-AAC4-F0D1FBC52C02}.Debug|Any CPU.Build.0 = Debug|Any CPU
		{AB31F818-CBEF-4110-AAC4-F0D1FBC52C02}.Release|Any CPU.ActiveCfg = Release|Any CPU
		{AB31F818-CBEF-4110-AAC4-F0D1FBC52C02}.Release|Any CPU.Build.0 = Release|Any CPU
		{BC7287AB-6EA3-4560-BAFC-01F8A1180001}.Debug|Any CPU.ActiveCfg = Debug|Any CPU
		{BC7287AB-6EA3-4560-BAFC-01F8A1180001}.Debug|Any CPU.Build.0 = Debug|Any CPU
		{BC7287AB-6EA3-4560-BAFC-01F8A1180001}.Release|Any CPU.ActiveCfg = Release|Any CPU
		{BC7287AB-6EA3-4560-BAFC-01F8A1180001}.Release|Any CPU.Build.0 = Release|Any CPU
		{472D5497-440E-40AD-AE69-9E0B44FA0F27}.Debug|Any CPU.ActiveCfg = Debug|Any CPU
		{472D5497-440E-40AD-AE69-9E0B44FA0F27}.Debug|Any CPU.Build.0 = Debug|Any CPU
		{472D5497-440E-40AD-AE69-9E0B44FA0F27}.Release|Any CPU.ActiveCfg = Release|Any CPU
		{472D5497-440E-40AD-AE69-9E0B44FA0F27}.Release|Any CPU.Build.0 = Release|Any CPU
		{7A97B086-F9A4-4AF1-942F-05F1E24D98EF}.Debug|Any CPU.ActiveCfg = Debug|Any CPU
		{7A97B086-F9A4-4AF1-942F-05F1E24D98EF}.Debug|Any CPU.Build.0 = Debug|Any CPU
		{7A97B086-F9A4-4AF1-942F-05F1E24D98EF}.Release|Any CPU.ActiveCfg = Release|Any CPU
		{7A97B086-F9A4-4AF1-942F-05F1E24D98EF}.Release|Any CPU.Build.0 = Release|Any CPU
		{AB1B401C-CED5-41CA-ADAD-F1F862BCEBD0}.Debug|Any CPU.ActiveCfg = Debug|Any CPU
		{AB1B401C-CED5-41CA-ADAD-F1F862BCEBD0}.Debug|Any CPU.Build.0 = Debug|Any CPU
		{AB1B401C-CED5-41CA-ADAD-F1F862BCEBD0}.Release|Any CPU.ActiveCfg = Release|Any CPU
		{AB1B401C-CED5-41CA-ADAD-F1F862BCEBD0}.Release|Any CPU.Build.0 = Release|Any CPU
	EndGlobalSection
	GlobalSection(SolutionProperties) = preSolution
		HideSolutionNode = FALSE
	EndGlobalSection
	GlobalSection(NestedProjects) = preSolution
		{8D45147F-E828-4574-BDDE-B68BD715CD91} = {48650119-004D-4DA2-88FA-E2423B36CAD7}
		{AB31F818-CBEF-4110-AAC4-F0D1FBC52C02} = {48650119-004D-4DA2-88FA-E2423B36CAD7}
		{BC7287AB-6EA3-4560-BAFC-01F8A1180001} = {48650119-004D-4DA2-88FA-E2423B36CAD7}
		{472D5497-440E-40AD-AE69-9E0B44FA0F27} = {5B3158AE-045F-423E-905F-4EFDE289521B}
		{7A97B086-F9A4-4AF1-942F-05F1E24D98EF} = {5B3158AE-045F-423E-905F-4EFDE289521B}
		{AB1B401C-CED5-41CA-ADAD-F1F862BCEBD0} = {4632C2C9-7298-47A8-A7F8-3232AB8302C0}
	EndGlobalSection
	GlobalSection(ExtensibilityGlobals) = postSolution
		SolutionGuid = {12FC955B-DFD0-418C-975A-79BB0CAA68F3}
	EndGlobalSection
EndGlobal
