
Microsoft Visual Studio Solution File, Format Version 12.00
# Visual Studio Version 17
VisualStudioVersion = 17.1.32228.430
MinimumVisualStudioVersion = 10.0.40219.1
Project("{9A19103F-16F7-4668-BE54-9A1E7A4F7556}") = "GtKram.Ui", "src\GtKram.Ui\GtKram.Ui.csproj", "{9AEDEA98-7537-4A6B-B543-300FB0D2A175}"
EndProject
Project("{9A19103F-16F7-4668-BE54-9A1E7A4F7556}") = "GtKram.Cli", "src\GtKram.Cli\GtKram.Cli.csproj", "{407DD5D8-A41E-46F6-A8F9-7290EFE66820}"
EndProject
Project("{2150E333-8FDC-42A3-9474-1A3956D46DE8}") = "Solution Items", "Solution Items", "{73FAB1B8-E307-4F68-B755-C691FABD6B6E}"
	ProjectSection(SolutionItems) = preProject
		Directory.Build.props = Directory.Build.props
		Directory.Packages.props = Directory.Packages.props
	EndProjectSection
EndProject
Project("{FAE04EC0-301F-11D3-BF4B-00C04F79EFBC}") = "GtKram.Infrastructure", "src\GtKram.Infrastructure\GtKram.Infrastructure.csproj", "{8D45147F-E828-4574-BDDE-B68BD715CD91}"
EndProject
Project("{FAE04EC0-301F-11D3-BF4B-00C04F79EFBC}") = "GtKram.Application", "src\GtKram.Application\GtKram.Application.csproj", "{AB31F818-CBEF-4110-AAC4-F0D1FBC52C02}"
EndProject
Project("{9A19103F-16F7-4668-BE54-9A1E7A4F7556}") = "GtKram.Domain", "src\GtKram.Domain\GtKram.Domain.csproj", "{BC7287AB-6EA3-4560-BAFC-01F8A1180001}"
EndProject
Global
	GlobalSection(SolutionConfigurationPlatforms) = preSolution
		Debug|Any CPU = Debug|Any CPU
		Release|Any CPU = Release|Any CPU
	EndGlobalSection
	GlobalSection(ProjectConfigurationPlatforms) = postSolution
		{9AEDEA98-7537-4A6B-B543-300FB0D2A175}.Debug|Any CPU.ActiveCfg = Debug|Any CPU
		{9AEDEA98-7537-4A6B-B543-300FB0D2A175}.Debug|Any CPU.Build.0 = Debug|Any CPU
		{9AEDEA98-7537-4A6B-B543-300FB0D2A175}.Release|Any CPU.ActiveCfg = Release|Any CPU
		{9AEDEA98-7537-4A6B-B543-300FB0D2A175}.Release|Any CPU.Build.0 = Release|Any CPU
		{407DD5D8-A41E-46F6-A8F9-7290EFE66820}.Debug|Any CPU.ActiveCfg = Debug|Any CPU
		{407DD5D8-A41E-46F6-A8F9-7290EFE66820}.Debug|Any CPU.Build.0 = Debug|Any CPU
		{407DD5D8-A41E-46F6-A8F9-7290EFE66820}.Release|Any CPU.ActiveCfg = Release|Any CPU
		{407DD5D8-A41E-46F6-A8F9-7290EFE66820}.Release|Any CPU.Build.0 = Release|Any CPU
		{8D45147F-E828-4574-BDDE-B68BD715CD91}.Debug|Any CPU.ActiveCfg = Debug|Any CPU
		{8D45147F-E828-4574-BDDE-B68BD715CD91}.Debug|Any CPU.Build.0 = Debug|Any CPU
		{8D45147F-E828-4574-BDDE-B68BD715CD91}.Release|Any CPU.ActiveCfg = Release|Any CPU
		{8D45147F-E828-4574-BDDE-B68BD715CD91}.Release|Any CPU.Build.0 = Release|Any CPU
		{AB31F818-CBEF-4110-AAC4-F0D1FBC52C02}.Debug|Any CPU.ActiveCfg = Debug|Any CPU
		{AB31F818-CBEF-4110-AAC4-F0D1FBC52C02}.Debug|Any CPU.Build.0 = Debug|Any CPU
		{AB31F818-CBEF-4110-AAC4-F0D1FBC52C02}.Release|Any CPU.ActiveCfg = Release|Any CPU
		{AB31F818-CBEF-4110-AAC4-F0D1FBC52C02}.Release|Any CPU.Build.0 = Release|Any CPU
		{BC7287AB-6EA3-4560-BAFC-01F8A1180001}.Debug|Any CPU.ActiveCfg = Debug|Any CPU
		{BC7287AB-6EA3-4560-BAFC-01F8A1180001}.Debug|Any CPU.Build.0 = Debug|Any CPU
		{BC7287AB-6EA3-4560-BAFC-01F8A1180001}.Release|Any CPU.ActiveCfg = Release|Any CPU
		{BC7287AB-6EA3-4560-BAFC-01F8A1180001}.Release|Any CPU.Build.0 = Release|Any CPU
	EndGlobalSection
	GlobalSection(SolutionProperties) = preSolution
		HideSolutionNode = FALSE
	EndGlobalSection
	GlobalSection(ExtensibilityGlobals) = postSolution
		SolutionGuid = {12FC955B-DFD0-418C-975A-79BB0CAA68F3}
	EndGlobalSection
EndGlobal
